// !$*UTF8*$!
{
	archiveVersion = 1;
	classes = {
	};
	objectVersion = 56;
	objects = {

/* Begin PBXBuildFile section */
		84AE690B2D35DDD3006D1168 /* CRAtio.cpp in Sources */ = {isa = PBXBuildFile; fileRef = 84AE690A2D35DDD3006D1168 /* CRAtio.cpp */; };
		84EB25A52D162FF60085E31E /* main.cpp in Sources */ = {isa = PBXBuildFile; fileRef = 84EB25A42D162FF60085E31E /* main.cpp */; };
		84EB25AD2D16307C0085E31E /* CVect.cpp in Sources */ = {isa = PBXBuildFile; fileRef = 84EB25AB2D16307C0085E31E /* CVect.cpp */; };
		84EB25B02D163FFF0085E31E /* CMat.cpp in Sources */ = {isa = PBXBuildFile; fileRef = 84EB25AE2D163FFE0085E31E /* CMat.cpp */; };
/* End PBXBuildFile section */

/* Begin PBXCopyFilesBuildPhase section */
		84EB259F2D162FF60085E31E /* CopyFiles */ = {
			isa = PBXCopyFilesBuildPhase;
			buildActionMask = 2147483647;
			dstPath = /usr/share/man/man1/;
			dstSubfolderSpec = 0;
			files = (
			);
			runOnlyForDeploymentPostprocessing = 1;
		};
/* End PBXCopyFilesBuildPhase section */

/* Begin PBXFileReference section */
		84AE690A2D35DDD3006D1168 /* CRAtio.cpp */ = {isa = PBXFileReference; fileEncoding = 4; lastKnownFileType = sourcecode.cpp.cpp; path = CRAtio.cpp; sourceTree = "<group>"; };
		84AE690C2D35DDD8006D1168 /* CRAtio.hpp */ = {isa = PBXFileReference; lastKnownFileType = sourcecode.cpp.h; path = CRAtio.hpp; sourceTree = "<group>"; };
		84EB25A12D162FF60085E31E /* TP 15 */ = {isa = PBXFileReference; explicitFileType = "compiled.mach-o.executable"; includeInIndex = 0; path = "TP 15"; sourceTree = BUILT_PRODUCTS_DIR; };
		84EB25A42D162FF60085E31E /* main.cpp */ = {isa = PBXFileReference; lastKnownFileType = sourcecode.cpp.cpp; path = main.cpp; sourceTree = "<group>"; };
		84EB25AB2D16307C0085E31E /* CVect.cpp */ = {isa = PBXFileReference; lastKnownFileType = sourcecode.cpp.cpp; path = CVect.cpp; sourceTree = "<group>"; };
		84EB25AC2D16307C0085E31E /* CVect.hpp */ = {isa = PBXFileReference; lastKnownFileType = sourcecode.cpp.h; path = CVect.hpp; sourceTree = "<group>"; };
		84EB25AE2D163FFE0085E31E /* CMat.cpp */ = {isa = PBXFileReference; lastKnownFileType = sourcecode.cpp.cpp; path = CMat.cpp; sourceTree = "<group>"; };
		84EB25AF2D163FFF0085E31E /* CMat.hpp */ = {isa = PBXFileReference; lastKnownFileType = sourcecode.cpp.h; path = CMat.hpp; sourceTree = "<group>"; };
/* End PBXFileReference section */

/* Begin PBXFrameworksBuildPhase section */
		84EB259E2D162FF60085E31E /* Frameworks */ = {
			isa = PBXFrameworksBuildPhase;
			buildActionMask = 2147483647;
			files = (
			);
			runOnlyForDeploymentPostprocessing = 0;
		};
/* End PBXFrameworksBuildPhase section */

/* Begin PBXGroup section */
		84EB25982D162FF60085E31E = {
			isa = PBXGroup;
			children = (
				84EB25A32D162FF60085E31E /* TP 15 */,
				84EB25A22D162FF60085E31E /* Products */,
			);
			sourceTree = "<group>";
		};
		84EB25A22D162FF60085E31E /* Products */ = {
			isa = PBXGroup;
			children = (
				84EB25A12D162FF60085E31E /* TP 15 */,
			);
			name = Products;
			sourceTree = "<group>";
		};
		84EB25A32D162FF60085E31E /* TP 15 */ = {
			isa = PBXGroup;
			children = (
				84EB25AC2D16307C0085E31E /* CVect.hpp */,
				84EB25AB2D16307C0085E31E /* CVect.cpp */,
				84EB25AF2D163FFF0085E31E /* CMat.hpp */,
				84EB25AE2D163FFE0085E31E /* CMat.cpp */,
				84EB25A42D162FF60085E31E /* main.cpp */,
				84AE690A2D35DDD3006D1168 /* CRAtio.cpp */,
				84AE690C2D35DDD8006D1168 /* CRAtio.hpp */,
			);
			path = "TP 15";
			sourceTree = "<group>";
		};
/* End PBXGroup section */

/* Begin PBXNativeTarget section */
		84EB25A02D162FF60085E31E /* TP 15 */ = {
			isa = PBXNativeTarget;
			buildConfigurationList = 84EB25A82D162FF60085E31E /* Build configuration list for PBXNativeTarget "TP 15" */;
			buildPhases = (
				84EB259D2D162FF60085E31E /* Sources */,
				84EB259E2D162FF60085E31E /* Frameworks */,
				84EB259F2D162FF60085E31E /* CopyFiles */,
			);
			buildRules = (
			);
			dependencies = (
			);
			name = "TP 15";
			productName = "TP 15";
			productReference = 84EB25A12D162FF60085E31E /* TP 15 */;
			productType = "com.apple.product-type.tool";
		};
/* End PBXNativeTarget section */

/* Begin PBXProject section */
		84EB25992D162FF60085E31E /* Project object */ = {
			isa = PBXProject;
			attributes = {
				BuildIndependentTargetsInParallel = 1;
				LastUpgradeCheck = 1420;
				TargetAttributes = {
					84EB25A02D162FF60085E31E = {
						CreatedOnToolsVersion = 14.2;
					};
				};
			};
			buildConfigurationList = 84EB259C2D162FF60085E31E /* Build configuration list for PBXProject "TP 15" */;
			compatibilityVersion = "Xcode 14.0";
			developmentRegion = en;
			hasScannedForEncodings = 0;
			knownRegions = (
				en,
				Base,
			);
			mainGroup = 84EB25982D162FF60085E31E;
			productRefGroup = 84EB25A22D162FF60085E31E /* Products */;
			projectDirPath = "";
			projectRoot = "";
			targets = (
				84EB25A02D162FF60085E31E /* TP 15 */,
			);
		};
/* End PBXProject section */

/* Begin PBXSourcesBuildPhase section */
		84EB259D2D162FF60085E31E /* Sources */ = {
			isa = PBXSourcesBuildPhase;
			buildActionMask = 2147483647;
			files = (
				84EB25B02D163FFF0085E31E /* CMat.cpp in Sources */,
				84AE690B2D35DDD3006D1168 /* CRAtio.cpp in Sources */,
				84EB25A52D162FF60085E31E /* main.cpp in Sources */,
				84EB25AD2D16307C0085E31E /* CVect.cpp in Sources */,
			);
			runOnlyForDeploymentPostprocessing = 0;
		};
/* End PBXSourcesBuildPhase section */

/* Begin XCBuildConfiguration section */
		84EB25A62D162FF60085E31E /* Debug */ = {
			isa = XCBuildConfiguration;
			buildSettings = {
				ALWAYS_SEARCH_USER_PATHS = NO;
				CLANG_ANALYZER_NONNULL = YES;
				CLANG_ANALYZER_NUMBER_OBJECT_CONVERSION = YES_AGGRESSIVE;
				CLANG_CXX_LANGUAGE_STANDARD = "gnu++20";
				CLANG_ENABLE_MODULES = YES;
				CLANG_ENABLE_OBJC_ARC = YES;
				CLANG_ENABLE_OBJC_WEAK = YES;
				CLANG_WARN_BLOCK_CAPTURE_AUTORELEASING = YES;
				CLANG_WARN_BOOL_CONVERSION = YES;
				CLANG_WARN_COMMA = YES;
				CLANG_WARN_CONSTANT_CONVERSION = YES;
				CLANG_WARN_DEPRECATED_OBJC_IMPLEMENTATIONS = YES;
				CLANG_WARN_DIRECT_OBJC_ISA_USAGE = YES_ERROR;
				CLANG_WARN_DOCUMENTATION_COMMENTS = YES;
				CLANG_WARN_EMPTY_BODY = YES;
				CLANG_WARN_ENUM_CONVERSION = YES;
				CLANG_WARN_INFINITE_RECURSION = YES;
				CLANG_WARN_INT_CONVERSION = YES;
				CLANG_WARN_NON_LITERAL_NULL_CONVERSION = YES;
				CLANG_WARN_OBJC_IMPLICIT_RETAIN_SELF = YES;
				CLANG_WARN_OBJC_LITERAL_CONVERSION = YES;
				CLANG_WARN_OBJC_ROOT_CLASS = YES_ERROR;
				CLANG_WARN_QUOTED_INCLUDE_IN_FRAMEWORK_HEADER = YES;
				CLANG_WARN_RANGE_LOOP_ANALYSIS = YES;
				CLANG_WARN_STRICT_PROTOTYPES = YES;
				CLANG_WARN_SUSPICIOUS_MOVE = YES;
				CLANG_WARN_UNGUARDED_AVAILABILITY = YES_AGGRESSIVE;
				CLANG_WARN_UNREACHABLE_CODE = YES;
				CLANG_WARN__DUPLICATE_METHOD_MATCH = YES;
				COPY_PHASE_STRIP = NO;
				DEBUG_INFORMATION_FORMAT = dwarf;
				ENABLE_STRICT_OBJC_MSGSEND = YES;
				ENABLE_TESTABILITY = YES;
				GCC_C_LANGUAGE_STANDARD = gnu11;
				GCC_DYNAMIC_NO_PIC = NO;
				GCC_NO_COMMON_BLOCKS = YES;
				GCC_OPTIMIZATION_LEVEL = 0;
				GCC_PREPROCESSOR_DEFINITIONS = (
					"DEBUG=1",
					"$(inherited)",
				);
				GCC_WARN_64_TO_32_BIT_CONVERSION = YES;
				GCC_WARN_ABOUT_RETURN_TYPE = YES_ERROR;
				GCC_WARN_UNDECLARED_SELECTOR = YES;
				GCC_WARN_UNINITIALIZED_AUTOS = YES_AGGRESSIVE;
				GCC_WARN_UNUSED_FUNCTION = YES;
				GCC_WARN_UNUSED_VARIABLE = YES;
				MACOSX_DEPLOYMENT_TARGET = 12.7;
				MTL_ENABLE_DEBUG_INFO = INCLUDE_SOURCE;
				MTL_FAST_MATH = YES;
				ONLY_ACTIVE_ARCH = YES;
				SDKROOT = macosx;
			};
			name = Debug;
		};
		84EB25A72D162FF60085E31E /* Release */ = {
			isa = XCBuildConfiguration;
			buildSettings = {
				ALWAYS_SEARCH_USER_PATHS = NO;
				CLANG_ANALYZER_NONNULL = YES;
				CLANG_ANALYZER_NUMBER_OBJECT_CONVERSION = YES_AGGRESSIVE;
				CLANG_CXX_LANGUAGE_STANDARD = "gnu++20";
				CLANG_ENABLE_MODULES = YES;
				CLANG_ENABLE_OBJC_ARC = YES;
				CLANG_ENABLE_OBJC_WEAK = YES;
				CLANG_WARN_BLOCK_CAPTURE_AUTORELEASING = YES;
				CLANG_WARN_BOOL_CONVERSION = YES;
				CLANG_WARN_COMMA = YES;
				CLANG_WARN_CONSTANT_CONVERSION = YES;
				CLANG_WARN_DEPRECATED_OBJC_IMPLEMENTATIONS = YES;
				CLANG_WARN_DIRECT_OBJC_ISA_USAGE = YES_ERROR;
				CLANG_WARN_DOCUMENTATION_COMMENTS = YES;
				CLANG_WARN_EMPTY_BODY = YES;
				CLANG_WARN_ENUM_CONVERSION = YES;
				CLANG_WARN_INFINITE_RECURSION = YES;
				CLANG_WARN_INT_CONVERSION = YES;
				CLANG_WARN_NON_LITERAL_NULL_CONVERSION = YES;
				CLANG_WARN_OBJC_IMPLICIT_RETAIN_SELF = YES;
				CLANG_WARN_OBJC_LITERAL_CONVERSION = YES;
				CLANG_WARN_OBJC_ROOT_CLASS = YES_ERROR;
				CLANG_WARN_QUOTED_INCLUDE_IN_FRAMEWORK_HEADER = YES;
				CLANG_WARN_RANGE_LOOP_ANALYSIS = YES;
				CLANG_WARN_STRICT_PROTOTYPES = YES;
				CLANG_WARN_SUSPICIOUS_MOVE = YES;
				CLANG_WARN_UNGUARDED_AVAILABILITY = YES_AGGRESSIVE;
				CLANG_WARN_UNREACHABLE_CODE = YES;
				CLANG_WARN__DUPLICATE_METHOD_MATCH = YES;
				COPY_PHASE_STRIP = NO;
				DEBUG_INFORMATION_FORMAT = "dwarf-with-dsym";
				ENABLE_NS_ASSERTIONS = NO;
				ENABLE_STRICT_OBJC_MSGSEND = YES;
				GCC_C_LANGUAGE_STANDARD = gnu11;
				GCC_NO_COMMON_BLOCKS = YES;
				GCC_WARN_64_TO_32_BIT_CONVERSION = YES;
				GCC_WARN_ABOUT_RETURN_TYPE = YES_ERROR;
				GCC_WARN_UNDECLARED_SELECTOR = YES;
				GCC_WARN_UNINITIALIZED_AUTOS = YES_AGGRESSIVE;
				GCC_WARN_UNUSED_FUNCTION = YES;
				GCC_WARN_UNUSED_VARIABLE = YES;
				MACOSX_DEPLOYMENT_TARGET = 12.7;
				MTL_ENABLE_DEBUG_INFO = NO;
				MTL_FAST_MATH = YES;
				SDKROOT = macosx;
			};
			name = Release;
		};
		84EB25A92D162FF60085E31E /* Debug */ = {
			isa = XCBuildConfiguration;
			buildSettings = {
				CODE_SIGN_STYLE = Automatic;
				PRODUCT_NAME = "$(TARGET_NAME)";
			};
			name = Debug;
		};
		84EB25AA2D162FF60085E31E /* Release */ = {
			isa = XCBuildConfiguration;
			buildSettings = {
				CODE_SIGN_STYLE = Automatic;
				PRODUCT_NAME = "$(TARGET_NAME)";
			};
			name = Release;
		};
/* End XCBuildConfiguration section */

/* Begin XCConfigurationList section */
		84EB259C2D162FF60085E31E /* Build configuration list for PBXProject "TP 15" */ = {
			isa = XCConfigurationList;
			buildConfigurations = (
				84EB25A62D162FF60085E31E /* Debug */,
				84EB25A72D162FF60085E31E /* Release */,
			);
			defaultConfigurationIsVisible = 0;
			defaultConfigurationName = Release;
		};
		84EB25A82D162FF60085E31E /* Build configuration list for PBXNativeTarget "TP 15" */ = {
			isa = XCConfigurationList;
			buildConfigurations = (
				84EB25A92D162FF60085E31E /* Debug */,
				84EB25AA2D162FF60085E31E /* Release */,
			);
			defaultConfigurationIsVisible = 0;
			defaultConfigurationName = Release;
		};
/* End XCConfigurationList section */
	};
	rootObject = 84EB25992D162FF60085E31E /* Project object */;
}
